
Microsoft Visual Studio Solution File, Format Version 12.00
# Visual Studio 15
VisualStudioVersion = 15.0.28307.271
MinimumVisualStudioVersion = 10.0.40219.1
Project("{888888A0-9F3D-457C-B088-3A5042F75D52}") = "python-training", "python-training.pyproj", "{EB42125F-EA10-40F3-BE94-9926A7C1E27D}"
EndProject
Global
	GlobalSection(SolutionConfigurationPlatforms) = preSolution
		Debug|Any CPU = Debug|Any CPU
		Release|Any CPU = Release|Any CPU
	EndGlobalSection
	GlobalSection(ProjectConfigurationPlatforms) = postSolution
		{EB42125F-EA10-40F3-BE94-9926A7C1E27D}.Debug|Any CPU.ActiveCfg = Debug|Any CPU
		{EB42125F-EA10-40F3-BE94-9926A7C1E27D}.Release|Any CPU.ActiveCfg = Release|Any CPU
	EndGlobalSection
	GlobalSection(SolutionProperties) = preSolution
		HideSolutionNode = FALSE
	EndGlobalSection
	GlobalSection(ExtensibilityGlobals) = postSolution
		SolutionGuid = {53134E72-C499-47DC-863F-B25DCD544521}
	EndGlobalSection
EndGlobal
